
Microsoft Visual Studio Solution File, Format Version 12.00
# Visual Studio Version 17
VisualStudioVersion = 17.8.34511.84
MinimumVisualStudioVersion = 10.0.40219.1
Project("{FAE04EC0-301F-11D3-BF4B-00C04F79EFBC}") = "CresciveGamesAlgorithm", "CresciveGamesAlgorithm.csproj", "{33118186-82F1-458E-8327-2A3EAA6425E4}"
EndProject
Global
	GlobalSection(SolutionConfigurationPlatforms) = preSolution
		Debug|Any CPU = Debug|Any CPU
		Release|Any CPU = Release|Any CPU
	EndGlobalSection
	GlobalSection(ProjectConfigurationPlatforms) = postSolution
		{33118186-82F1-458E-8327-2A3EAA6425E4}.Debug|Any CPU.ActiveCfg = Debug|Any CPU
		{33118186-82F1-458E-8327-2A3EAA6425E4}.Debug|Any CPU.Build.0 = Debug|Any CPU
		{33118186-82F1-458E-8327-2A3EAA6425E4}.Release|Any CPU.ActiveCfg = Release|Any CPU
		{33118186-82F1-458E-8327-2A3EAA6425E4}.Release|Any CPU.Build.0 = Release|Any CPU
	EndGlobalSection
	GlobalSection(SolutionProperties) = preSolution
		HideSolutionNode = FALSE
	EndGlobalSection
	GlobalSection(ExtensibilityGlobals) = postSolution
		SolutionGuid = {3F992FAD-FC8C-431B-B36B-B9A2533D6731}
	EndGlobalSection
EndGlobal
